
Microsoft Visual Studio Solution File, Format Version 12.00
# Visual Studio 15
VisualStudioVersion = 15.0.27703.2042
MinimumVisualStudioVersion = 10.0.40219.1
Project("{FAE04EC0-301F-11D3-BF4B-00C04F79EFBC}") = "WpfApp4", "WpfApp4\WpfApp4.csproj", "{DA7D72C7-5E5A-4D2F-9352-66922C5C5147}"
EndProject
Project("{2150E333-8FDC-42A3-9474-1A3956D46DE8}") = "Resources", "Resources", "{FEDDCA25-F763-4113-BA2D-310BE62A4AF1}"
EndProject
Global
	GlobalSection(SolutionConfigurationPlatforms) = preSolution
		Debug|Any CPU = Debug|Any CPU
		Release|Any CPU = Release|Any CPU
	EndGlobalSection
	GlobalSection(ProjectConfigurationPlatforms) = postSolution
		{DA7D72C7-5E5A-4D2F-9352-66922C5C5147}.Debug|Any CPU.ActiveCfg = Debug|Any CPU
		{DA7D72C7-5E5A-4D2F-9352-66922C5C5147}.Debug|Any CPU.Build.0 = Debug|Any CPU
		{DA7D72C7-5E5A-4D2F-9352-66922C5C5147}.Release|Any CPU.ActiveCfg = Release|Any CPU
		{DA7D72C7-5E5A-4D2F-9352-66922C5C5147}.Release|Any CPU.Build.0 = Release|Any CPU
	EndGlobalSection
	GlobalSection(SolutionProperties) = preSolution
		HideSolutionNode = FALSE
	EndGlobalSection
	GlobalSection(ExtensibilityGlobals) = postSolution
		SolutionGuid = {7F0F9BF0-7403-4AD2-8554-0F82712DBD8E}
	EndGlobalSection
EndGlobal
